
Microsoft Visual Studio Solution File, Format Version 12.00
# Visual Studio Version 17
VisualStudioVersion = 17.11.35303.130
MinimumVisualStudioVersion = 10.0.40219.1
Project("{FAE04EC0-301F-11D3-BF4B-00C04F79EFBC}") = "Store.HazemFady.APIs", "Store.HazemFady.APIs\Store.HazemFady.APIs.csproj", "{7E09D537-3C38-45C6-BA1C-5869E212BABB}"
EndProject
Global
	GlobalSection(SolutionConfigurationPlatforms) = preSolution
		Debug|Any CPU = Debug|Any CPU
		Release|Any CPU = Release|Any CPU
	EndGlobalSection
	GlobalSection(ProjectConfigurationPlatforms) = postSolution
		{7E09D537-3C38-45C6-BA1C-5869E212BABB}.Debug|Any CPU.ActiveCfg = Debug|Any CPU
		{7E09D537-3C38-45C6-BA1C-5869E212BABB}.Debug|Any CPU.Build.0 = Debug|Any CPU
		{7E09D537-3C38-45C6-BA1C-5869E212BABB}.Release|Any CPU.ActiveCfg = Release|Any CPU
		{7E09D537-3C38-45C6-BA1C-5869E212BABB}.Release|Any CPU.Build.0 = Release|Any CPU
	EndGlobalSection
	GlobalSection(SolutionProperties) = preSolution
		HideSolutionNode = FALSE
	EndGlobalSection
	GlobalSection(ExtensibilityGlobals) = postSolution
		SolutionGuid = {0A7A806D-AC46-4112-AAFD-B3A6918D6371}
	EndGlobalSection
EndGlobal
